// !$*UTF8*$!
{
	archiveVersion = 1;
	classes = {
	};
	objectVersion = 56;
	objects = {

/* Begin PBXBuildFile section */
		6BD581802ADC920F00F25A7D /* CurrencyExchangeAppApp.swift in Sources */ = {isa = PBXBuildFile; fileRef = 6BD5817F2ADC920F00F25A7D /* CurrencyExchangeAppApp.swift */; };
		6BD581822ADC920F00F25A7D /* ContentView.swift in Sources */ = {isa = PBXBuildFile; fileRef = 6BD581812ADC920F00F25A7D /* ContentView.swift */; };
		6BD581842ADC921000F25A7D /* Assets.xcassets in Resources */ = {isa = PBXBuildFile; fileRef = 6BD581832ADC921000F25A7D /* Assets.xcassets */; };
		6BD581872ADC921000F25A7D /* Preview Assets.xcassets in Resources */ = {isa = PBXBuildFile; fileRef = 6BD581862ADC921000F25A7D /* Preview Assets.xcassets */; };
		6BD5818F2ADCA79300F25A7D /* CustomPickerView.swift in Sources */ = {isa = PBXBuildFile; fileRef = 6BD5818E2ADCA79300F25A7D /* CustomPickerView.swift */; };
		6BD581922ADCB2C000F25A7D /* CustomPickerTextView.swift in Sources */ = {isa = PBXBuildFile; fileRef = 6BD581912ADCB2C000F25A7D /* CustomPickerTextView.swift */; };
		6BD581952ADCB3CB00F25A7D /* Currency.swift in Sources */ = {isa = PBXBuildFile; fileRef = 6BD581942ADCB3CB00F25A7D /* Currency.swift */; };
		6BD581972ADCBAAB00F25A7D /* finalCountries.json in Resources */ = {isa = PBXBuildFile; fileRef = 6BD581962ADCBAAA00F25A7D /* finalCountries.json */; };
		6BD581992ADD4E7A00F25A7D /* Store.swift in Sources */ = {isa = PBXBuildFile; fileRef = 6BD581982ADD4E7A00F25A7D /* Store.swift */; };
		6BD5819B2ADD4FDF00F25A7D /* CurrencyViewModel.swift in Sources */ = {isa = PBXBuildFile; fileRef = 6BD5819A2ADD4FDF00F25A7D /* CurrencyViewModel.swift */; };
/* End PBXBuildFile section */

/* Begin PBXFileReference section */
		6BD5817C2ADC920F00F25A7D /* CurrencyExchangeApp.app */ = {isa = PBXFileReference; explicitFileType = wrapper.application; includeInIndex = 0; path = CurrencyExchangeApp.app; sourceTree = BUILT_PRODUCTS_DIR; };
		6BD5817F2ADC920F00F25A7D /* CurrencyExchangeAppApp.swift */ = {isa = PBXFileReference; lastKnownFileType = sourcecode.swift; path = CurrencyExchangeAppApp.swift; sourceTree = "<group>"; };
		6BD581812ADC920F00F25A7D /* ContentView.swift */ = {isa = PBXFileReference; lastKnownFileType = sourcecode.swift; path = ContentView.swift; sourceTree = "<group>"; };
		6BD581832ADC921000F25A7D /* Assets.xcassets */ = {isa = PBXFileReference; lastKnownFileType = folder.assetcatalog; path = Assets.xcassets; sourceTree = "<group>"; };
		6BD581862ADC921000F25A7D /* Preview Assets.xcassets */ = {isa = PBXFileReference; lastKnownFileType = folder.assetcatalog; path = "Preview Assets.xcassets"; sourceTree = "<group>"; };
		6BD5818E2ADCA79300F25A7D /* CustomPickerView.swift */ = {isa = PBXFileReference; lastKnownFileType = sourcecode.swift; path = CustomPickerView.swift; sourceTree = "<group>"; };
		6BD581912ADCB2C000F25A7D /* CustomPickerTextView.swift */ = {isa = PBXFileReference; lastKnownFileType = sourcecode.swift; path = CustomPickerTextView.swift; sourceTree = "<group>"; };
		6BD581942ADCB3CB00F25A7D /* Currency.swift */ = {isa = PBXFileReference; lastKnownFileType = sourcecode.swift; path = Currency.swift; sourceTree = "<group>"; };
		6BD581962ADCBAAA00F25A7D /* finalCountries.json */ = {isa = PBXFileReference; fileEncoding = 4; lastKnownFileType = text.json; name = finalCountries.json; path = "../../../../JSON  Combiner/finalCountries.json"; sourceTree = "<group>"; };
		6BD581982ADD4E7A00F25A7D /* Store.swift */ = {isa = PBXFileReference; lastKnownFileType = sourcecode.swift; path = Store.swift; sourceTree = "<group>"; };
		6BD5819A2ADD4FDF00F25A7D /* CurrencyViewModel.swift */ = {isa = PBXFileReference; lastKnownFileType = sourcecode.swift; path = CurrencyViewModel.swift; sourceTree = "<group>"; };
/* End PBXFileReference section */

/* Begin PBXFrameworksBuildPhase section */
		6BD581792ADC920F00F25A7D /* Frameworks */ = {
			isa = PBXFrameworksBuildPhase;
			buildActionMask = 2147483647;
			files = (
			);
			runOnlyForDeploymentPostprocessing = 0;
		};
/* End PBXFrameworksBuildPhase section */

/* Begin PBXGroup section */
		6BD581732ADC920F00F25A7D = {
			isa = PBXGroup;
			children = (
				6BD5817E2ADC920F00F25A7D /* CurrencyExchangeApp */,
				6BD5817D2ADC920F00F25A7D /* Products */,
			);
			sourceTree = "<group>";
		};
		6BD5817D2ADC920F00F25A7D /* Products */ = {
			isa = PBXGroup;
			children = (
				6BD5817C2ADC920F00F25A7D /* CurrencyExchangeApp.app */,
			);
			name = Products;
			sourceTree = "<group>";
		};
		6BD5817E2ADC920F00F25A7D /* CurrencyExchangeApp */ = {
			isa = PBXGroup;
			children = (
				6BD581932ADCB3A900F25A7D /* CurrencyFiles */,
				6BD581902ADCB2B100F25A7D /* CustomPickerTextView */,
				6BD5818D2ADCA76D00F25A7D /* CustomPicker */,
				6BD5817F2ADC920F00F25A7D /* CurrencyExchangeAppApp.swift */,
				6BD581812ADC920F00F25A7D /* ContentView.swift */,
				6BD581832ADC921000F25A7D /* Assets.xcassets */,
				6BD581852ADC921000F25A7D /* Preview Content */,
			);
			path = CurrencyExchangeApp;
			sourceTree = "<group>";
		};
		6BD581852ADC921000F25A7D /* Preview Content */ = {
			isa = PBXGroup;
			children = (
				6BD581862ADC921000F25A7D /* Preview Assets.xcassets */,
			);
			path = "Preview Content";
			sourceTree = "<group>";
		};
		6BD5818D2ADCA76D00F25A7D /* CustomPicker */ = {
			isa = PBXGroup;
			children = (
				6BD5818E2ADCA79300F25A7D /* CustomPickerView.swift */,
			);
			path = CustomPicker;
			sourceTree = "<group>";
		};
		6BD581902ADCB2B100F25A7D /* CustomPickerTextView */ = {
			isa = PBXGroup;
			children = (
				6BD581912ADCB2C000F25A7D /* CustomPickerTextView.swift */,
			);
			path = CustomPickerTextView;
			sourceTree = "<group>";
		};
		6BD581932ADCB3A900F25A7D /* CurrencyFiles */ = {
			isa = PBXGroup;
			children = (
				6BD581962ADCBAAA00F25A7D /* finalCountries.json */,
				6BD581942ADCB3CB00F25A7D /* Currency.swift */,
				6BD581982ADD4E7A00F25A7D /* Store.swift */,
				6BD5819A2ADD4FDF00F25A7D /* CurrencyViewModel.swift */,
			);
			path = CurrencyFiles;
			sourceTree = "<group>";
		};
/* End PBXGroup section */

/* Begin PBXNativeTarget section */
		6BD5817B2ADC920F00F25A7D /* CurrencyExchangeApp */ = {
			isa = PBXNativeTarget;
			buildConfigurationList = 6BD5818A2ADC921000F25A7D /* Build configuration list for PBXNativeTarget "CurrencyExchangeApp" */;
			buildPhases = (
				6BD581782ADC920F00F25A7D /* Sources */,
				6BD581792ADC920F00F25A7D /* Frameworks */,
				6BD5817A2ADC920F00F25A7D /* Resources */,
			);
			buildRules = (
			);
			dependencies = (
			);
			name = CurrencyExchangeApp;
			productName = CurrencyExchangeApp;
			productReference = 6BD5817C2ADC920F00F25A7D /* CurrencyExchangeApp.app */;
			productType = "com.apple.product-type.application";
		};
/* End PBXNativeTarget section */

/* Begin PBXProject section */
		6BD581742ADC920F00F25A7D /* Project object */ = {
			isa = PBXProject;
			attributes = {
				BuildIndependentTargetsInParallel = 1;
				LastSwiftUpdateCheck = 1430;
				LastUpgradeCheck = 1430;
				TargetAttributes = {
					6BD5817B2ADC920F00F25A7D = {
						CreatedOnToolsVersion = 14.3.1;
					};
				};
			};
			buildConfigurationList = 6BD581772ADC920F00F25A7D /* Build configuration list for PBXProject "CurrencyExchangeApp" */;
			compatibilityVersion = "Xcode 14.0";
			developmentRegion = en;
			hasScannedForEncodings = 0;
			knownRegions = (
				en,
				Base,
			);
			mainGroup = 6BD581732ADC920F00F25A7D;
			productRefGroup = 6BD5817D2ADC920F00F25A7D /* Products */;
			projectDirPath = "";
			projectRoot = "";
			targets = (
				6BD5817B2ADC920F00F25A7D /* CurrencyExchangeApp */,
			);
		};
/* End PBXProject section */

/* Begin PBXResourcesBuildPhase section */
		6BD5817A2ADC920F00F25A7D /* Resources */ = {
			isa = PBXResourcesBuildPhase;
			buildActionMask = 2147483647;
			files = (
				6BD581872ADC921000F25A7D /* Preview Assets.xcassets in Resources */,
				6BD581972ADCBAAB00F25A7D /* finalCountries.json in Resources */,
				6BD581842ADC921000F25A7D /* Assets.xcassets in Resources */,
			);
			runOnlyForDeploymentPostprocessing = 0;
		};
/* End PBXResourcesBuildPhase section */

/* Begin PBXSourcesBuildPhase section */
		6BD581782ADC920F00F25A7D /* Sources */ = {
			isa = PBXSourcesBuildPhase;
			buildActionMask = 2147483647;
			files = (
				6BD5818F2ADCA79300F25A7D /* CustomPickerView.swift in Sources */,
				6BD581952ADCB3CB00F25A7D /* Currency.swift in Sources */,
				6BD581822ADC920F00F25A7D /* ContentView.swift in Sources */,
				6BD5819B2ADD4FDF00F25A7D /* CurrencyViewModel.swift in Sources */,
				6BD581992ADD4E7A00F25A7D /* Store.swift in Sources */,
				6BD581922ADCB2C000F25A7D /* CustomPickerTextView.swift in Sources */,
				6BD581802ADC920F00F25A7D /* CurrencyExchangeAppApp.swift in Sources */,
			);
			runOnlyForDeploymentPostprocessing = 0;
		};
/* End PBXSourcesBuildPhase section */

/* Begin XCBuildConfiguration section */
		6BD581882ADC921000F25A7D /* Debug */ = {
			isa = XCBuildConfiguration;
			buildSettings = {
				ALWAYS_SEARCH_USER_PATHS = NO;
				CLANG_ANALYZER_NONNULL = YES;
				CLANG_ANALYZER_NUMBER_OBJECT_CONVERSION = YES_AGGRESSIVE;
				CLANG_CXX_LANGUAGE_STANDARD = "gnu++20";
				CLANG_ENABLE_MODULES = YES;
				CLANG_ENABLE_OBJC_ARC = YES;
				CLANG_ENABLE_OBJC_WEAK = YES;
				CLANG_WARN_BLOCK_CAPTURE_AUTORELEASING = YES;
				CLANG_WARN_BOOL_CONVERSION = YES;
				CLANG_WARN_COMMA = YES;
				CLANG_WARN_CONSTANT_CONVERSION = YES;
				CLANG_WARN_DEPRECATED_OBJC_IMPLEMENTATIONS = YES;
				CLANG_WARN_DIRECT_OBJC_ISA_USAGE = YES_ERROR;
				CLANG_WARN_DOCUMENTATION_COMMENTS = YES;
				CLANG_WARN_EMPTY_BODY = YES;
				CLANG_WARN_ENUM_CONVERSION = YES;
				CLANG_WARN_INFINITE_RECURSION = YES;
				CLANG_WARN_INT_CONVERSION = YES;
				CLANG_WARN_NON_LITERAL_NULL_CONVERSION = YES;
				CLANG_WARN_OBJC_IMPLICIT_RETAIN_SELF = YES;
				CLANG_WARN_OBJC_LITERAL_CONVERSION = YES;
				CLANG_WARN_OBJC_ROOT_CLASS = YES_ERROR;
				CLANG_WARN_QUOTED_INCLUDE_IN_FRAMEWORK_HEADER = YES;
				CLANG_WARN_RANGE_LOOP_ANALYSIS = YES;
				CLANG_WARN_STRICT_PROTOTYPES = YES;
				CLANG_WARN_SUSPICIOUS_MOVE = YES;
				CLANG_WARN_UNGUARDED_AVAILABILITY = YES_AGGRESSIVE;
				CLANG_WARN_UNREACHABLE_CODE = YES;
				CLANG_WARN__DUPLICATE_METHOD_MATCH = YES;
				COPY_PHASE_STRIP = NO;
				DEBUG_INFORMATION_FORMAT = dwarf;
				ENABLE_STRICT_OBJC_MSGSEND = YES;
				ENABLE_TESTABILITY = YES;
				GCC_C_LANGUAGE_STANDARD = gnu11;
				GCC_DYNAMIC_NO_PIC = NO;
				GCC_NO_COMMON_BLOCKS = YES;
				GCC_OPTIMIZATION_LEVEL = 0;
				GCC_PREPROCESSOR_DEFINITIONS = (
					"DEBUG=1",
					"$(inherited)",
				);
				GCC_WARN_64_TO_32_BIT_CONVERSION = YES;
				GCC_WARN_ABOUT_RETURN_TYPE = YES_ERROR;
				GCC_WARN_UNDECLARED_SELECTOR = YES;
				GCC_WARN_UNINITIALIZED_AUTOS = YES_AGGRESSIVE;
				GCC_WARN_UNUSED_FUNCTION = YES;
				GCC_WARN_UNUSED_VARIABLE = YES;
				IPHONEOS_DEPLOYMENT_TARGET = 16.4;
				MTL_ENABLE_DEBUG_INFO = INCLUDE_SOURCE;
				MTL_FAST_MATH = YES;
				ONLY_ACTIVE_ARCH = YES;
				SDKROOT = iphoneos;
				SWIFT_ACTIVE_COMPILATION_CONDITIONS = DEBUG;
				SWIFT_OPTIMIZATION_LEVEL = "-Onone";
			};
			name = Debug;
		};
		6BD581892ADC921000F25A7D /* Release */ = {
			isa = XCBuildConfiguration;
			buildSettings = {
				ALWAYS_SEARCH_USER_PATHS = NO;
				CLANG_ANALYZER_NONNULL = YES;
				CLANG_ANALYZER_NUMBER_OBJECT_CONVERSION = YES_AGGRESSIVE;
				CLANG_CXX_LANGUAGE_STANDARD = "gnu++20";
				CLANG_ENABLE_MODULES = YES;
				CLANG_ENABLE_OBJC_ARC = YES;
				CLANG_ENABLE_OBJC_WEAK = YES;
				CLANG_WARN_BLOCK_CAPTURE_AUTORELEASING = YES;
				CLANG_WARN_BOOL_CONVERSION = YES;
				CLANG_WARN_COMMA = YES;
				CLANG_WARN_CONSTANT_CONVERSION = YES;
				CLANG_WARN_DEPRECATED_OBJC_IMPLEMENTATIONS = YES;
				CLANG_WARN_DIRECT_OBJC_ISA_USAGE = YES_ERROR;
				CLANG_WARN_DOCUMENTATION_COMMENTS = YES;
				CLANG_WARN_EMPTY_BODY = YES;
				CLANG_WARN_ENUM_CONVERSION = YES;
				CLANG_WARN_INFINITE_RECURSION = YES;
				CLANG_WARN_INT_CONVERSION = YES;
				CLANG_WARN_NON_LITERAL_NULL_CONVERSION = YES;
				CLANG_WARN_OBJC_IMPLICIT_RETAIN_SELF = YES;
				CLANG_WARN_OBJC_LITERAL_CONVERSION = YES;
				CLANG_WARN_OBJC_ROOT_CLASS = YES_ERROR;
				CLANG_WARN_QUOTED_INCLUDE_IN_FRAMEWORK_HEADER = YES;
				CLANG_WARN_RANGE_LOOP_ANALYSIS = YES;
				CLANG_WARN_STRICT_PROTOTYPES = YES;
				CLANG_WARN_SUSPICIOUS_MOVE = YES;
				CLANG_WARN_UNGUARDED_AVAILABILITY = YES_AGGRESSIVE;
				CLANG_WARN_UNREACHABLE_CODE = YES;
				CLANG_WARN__DUPLICATE_METHOD_MATCH = YES;
				COPY_PHASE_STRIP = NO;
				DEBUG_INFORMATION_FORMAT = "dwarf-with-dsym";
				ENABLE_NS_ASSERTIONS = NO;
				ENABLE_STRICT_OBJC_MSGSEND = YES;
				GCC_C_LANGUAGE_STANDARD = gnu11;
				GCC_NO_COMMON_BLOCKS = YES;
				GCC_WARN_64_TO_32_BIT_CONVERSION = YES;
				GCC_WARN_ABOUT_RETURN_TYPE = YES_ERROR;
				GCC_WARN_UNDECLARED_SELECTOR = YES;
				GCC_WARN_UNINITIALIZED_AUTOS = YES_AGGRESSIVE;
				GCC_WARN_UNUSED_FUNCTION = YES;
				GCC_WARN_UNUSED_VARIABLE = YES;
				IPHONEOS_DEPLOYMENT_TARGET = 16.4;
				MTL_ENABLE_DEBUG_INFO = NO;
				MTL_FAST_MATH = YES;
				SDKROOT = iphoneos;
				SWIFT_COMPILATION_MODE = wholemodule;
				SWIFT_OPTIMIZATION_LEVEL = "-O";
				VALIDATE_PRODUCT = YES;
			};
			name = Release;
		};
		6BD5818B2ADC921000F25A7D /* Debug */ = {
			isa = XCBuildConfiguration;
			buildSettings = {
				ASSETCATALOG_COMPILER_APPICON_NAME = AppIcon;
				ASSETCATALOG_COMPILER_GLOBAL_ACCENT_COLOR_NAME = AccentColor;
				CODE_SIGN_STYLE = Automatic;
				CURRENT_PROJECT_VERSION = 1;
				DEVELOPMENT_ASSET_PATHS = "\"CurrencyExchangeApp/Preview Content\"";
				DEVELOPMENT_TEAM = XW545M62FL;
				ENABLE_PREVIEWS = YES;
				GENERATE_INFOPLIST_FILE = YES;
				INFOPLIST_KEY_UIApplicationSceneManifest_Generation = YES;
				INFOPLIST_KEY_UIApplicationSupportsIndirectInputEvents = YES;
				INFOPLIST_KEY_UILaunchScreen_Generation = YES;
				INFOPLIST_KEY_UISupportedInterfaceOrientations_iPad = "UIInterfaceOrientationPortrait UIInterfaceOrientationPortraitUpsideDown UIInterfaceOrientationLandscapeLeft UIInterfaceOrientationLandscapeRight";
				INFOPLIST_KEY_UISupportedInterfaceOrientations_iPhone = "UIInterfaceOrientationPortrait UIInterfaceOrientationLandscapeLeft UIInterfaceOrientationLandscapeRight";
				LD_RUNPATH_SEARCH_PATHS = (
					"$(inherited)",
					"@executable_path/Frameworks",
				);
				MARKETING_VERSION = 1.0;
				PRODUCT_BUNDLE_IDENTIFIER = com.yagizhitit.CurrencyExchangeApp;
				PRODUCT_NAME = "$(TARGET_NAME)";
				SWIFT_EMIT_LOC_STRINGS = YES;
				SWIFT_VERSION = 5.0;
				TARGETED_DEVICE_FAMILY = "1,2";
			};
			name = Debug;
		};
		6BD5818C2ADC921000F25A7D /* Release */ = {
			isa = XCBuildConfiguration;
			buildSettings = {
				ASSETCATALOG_COMPILER_APPICON_NAME = AppIcon;
				ASSETCATALOG_COMPILER_GLOBAL_ACCENT_COLOR_NAME = AccentColor;
				CODE_SIGN_STYLE = Automatic;
				CURRENT_PROJECT_VERSION = 1;
				DEVELOPMENT_ASSET_PATHS = "\"CurrencyExchangeApp/Preview Content\"";
				DEVELOPMENT_TEAM = XW545M62FL;
				ENABLE_PREVIEWS = YES;
				GENERATE_INFOPLIST_FILE = YES;
				INFOPLIST_KEY_UIApplicationSceneManifest_Generation = YES;
				INFOPLIST_KEY_UIApplicationSupportsIndirectInputEvents = YES;
				INFOPLIST_KEY_UILaunchScreen_Generation = YES;
				INFOPLIST_KEY_UISupportedInterfaceOrientations_iPad = "UIInterfaceOrientationPortrait UIInterfaceOrientationPortraitUpsideDown UIInterfaceOrientationLandscapeLeft UIInterfaceOrientationLandscapeRight";
				INFOPLIST_KEY_UISupportedInterfaceOrientations_iPhone = "UIInterfaceOrientationPortrait UIInterfaceOrientationLandscapeLeft UIInterfaceOrientationLandscapeRight";
				LD_RUNPATH_SEARCH_PATHS = (
					"$(inherited)",
					"@executable_path/Frameworks",
				);
				MARKETING_VERSION = 1.0;
				PRODUCT_BUNDLE_IDENTIFIER = com.yagizhitit.CurrencyExchangeApp;
				PRODUCT_NAME = "$(TARGET_NAME)";
				SWIFT_EMIT_LOC_STRINGS = YES;
				SWIFT_VERSION = 5.0;
				TARGETED_DEVICE_FAMILY = "1,2";
			};
			name = Release;
		};
/* End XCBuildConfiguration section */

/* Begin XCConfigurationList section */
		6BD581772ADC920F00F25A7D /* Build configuration list for PBXProject "CurrencyExchangeApp" */ = {
			isa = XCConfigurationList;
			buildConfigurations = (
				6BD581882ADC921000F25A7D /* Debug */,
				6BD581892ADC921000F25A7D /* Release */,
			);
			defaultConfigurationIsVisible = 0;
			defaultConfigurationName = Release;
		};
		6BD5818A2ADC921000F25A7D /* Build configuration list for PBXNativeTarget "CurrencyExchangeApp" */ = {
			isa = XCConfigurationList;
			buildConfigurations = (
				6BD5818B2ADC921000F25A7D /* Debug */,
				6BD5818C2ADC921000F25A7D /* Release */,
			);
			defaultConfigurationIsVisible = 0;
			defaultConfigurationName = Release;
		};
/* End XCConfigurationList section */
	};
	rootObject = 6BD581742ADC920F00F25A7D /* Project object */;
}
